<?xml version="1.0" encoding="utf-8"?>
<Project ToolsVersion="4.0" xmlns="http://schemas.microsoft.com/developer/msbuild/2003">
  <ItemGroup>
    <Filter Include="Source Files">
      <UniqueIdentifier>{4FC737F1-C7A5-4376-A066-2A32D752A2FF}</UniqueIdentifier>
      <Extensions>cpp;c;cc;cxx;def;odl;idl;hpj;bat;asm;asmx</Extensions>
    </Filter>
    <Filter Include="Header Files">
      <UniqueIdentifier>{93995380-89BD-4b04-88EB-625FBE52EBFB}</UniqueIdentifier>
      <Extensions>h;hpp;hxx;hm;inl;inc;xsd</Extensions>
    </Filter>
    <Filter Include="Resource Files">
      <UniqueIdentifier>{67DA6AB6-F800-4c08-8B7A-83BB121AAD01}</UniqueIdentifier>
      <Extensions>rc;ico;cur;bmp;dlg;rc2;rct;bin;rgs;gif;jpg;jpeg;jpe;resx;tiff;tif;png;wav;mfcribbon-ms</Extensions>
    </Filter>
  </ItemGroup>
  <ItemGroup>
    <Text Include="ReadMe.txt" />
  </ItemGroup>
  <ItemGroup>
    <ClInclude Include="stdafx.h">
      <Filter>Header Files</Filter>
    </ClInclude>
    <ClInclude Include="targetver.h">
      <Filter>Header Files</Filter>
    </ClInclude>
    <ClInclude Include="Img.h">
      <Filter>Header Files</Filter>
    </ClInclude>
    <ClInclude Include="ImgSys.h">
      <Filter>Header Files</Filter>
    </ClInclude>
    <ClInclude Include="util.h">
      <Filter>Header Files</Filter>
    </ClInclude>
    <ClInclude Include="Player.h">
      <Filter>Header Files</Filter>
    </ClInclude>
    <ClInclude Include="Player3d.h">
      <Filter>Header Files</Filter>
    </ClInclude>
    <ClInclude Include="Enemy.h">
      <Filter>Header Files</Filter>
    </ClInclude>
    <ClInclude Include="Enemy3d.h">
      <Filter>Header Files</Filter>
    </ClInclude>
    <ClInclude Include="EnemyKnight.h">
      <Filter>Header Files</Filter>
    </ClInclude>
    <ClInclude Include="Entity.h">
      <Filter>Header Files</Filter>
    </ClInclude>
    <ClInclude Include="Entity3d.h">
      <Filter>Header Files</Filter>
    </ClInclude>
    <ClInclude Include="gameengine.h">
      <Filter>Header Files</Filter>
    </ClInclude>
    <ClInclude Include="Skeleton1.h">
      <Filter>Header Files</Filter>
    </ClInclude>
    <ClInclude Include="tile.h">
      <Filter>Header Files</Filter>
    </ClInclude>
    <ClInclude Include="tile3d.h">
      <Filter>Header Files</Filter>
    </ClInclude>
    <ClInclude Include="Exit.h">
      <Filter>Header Files</Filter>
    </ClInclude>
    <ClInclude Include="Wall.h">
      <Filter>Header Files</Filter>
    </ClInclude>
    <ClInclude Include="Cube.h">
      <Filter>Header Files</Filter>
    </ClInclude>
    <ClInclude Include="bessie\RayMantaPoint.h">
      <Filter>Header Files</Filter>
    </ClInclude>
    <ClInclude Include="bessie\RayMantaPolygon.h">
      <Filter>Header Files</Filter>
    </ClInclude>
    <ClInclude Include="bessie\RayMantaImage.h">
      <Filter>Header Files</Filter>
    </ClInclude>
    <ClInclude Include="bessie\RayMantaImageBase.h">
      <Filter>Header Files</Filter>
    </ClInclude>
    <ClInclude Include="bessie\RayMantaMatrix3.h">
      <Filter>Header Files</Filter>
    </ClInclude>
    <ClInclude Include="bessie\RayMantaModel.h">
      <Filter>Header Files</Filter>
    </ClInclude>
    <ClInclude Include="bessie\RayMantaSphereModel.h">
      <Filter>Header Files</Filter>
    </ClInclude>
    <ClInclude Include="bessie\RayMantaEngine.h">
      <Filter>Header Files</Filter>
    </ClInclude>
    <ClInclude Include="bessie\Draw.h">
      <Filter>Header Files</Filter>
    </ClInclude>
    <ClInclude Include="bessie\Draw2.h">
      <Filter>Header Files</Filter>
    </ClInclude>
    <ClInclude Include="bessie\Draw3.h">
      <Filter>Header Files</Filter>
    </ClInclude>
    <ClInclude Include="bessie\Draw4.h">
      <Filter>Header Files</Filter>
    </ClInclude>
    <ClInclude Include="EnemyDemon.h">
      <Filter>Header Files</Filter>
    </ClInclude>
    <ClInclude Include="EnemyDemon2.h">
      <Filter>Header Files</Filter>
    </ClInclude>
  </ItemGroup>
  <ItemGroup>
    <ClCompile Include="stdafx.cpp">
      <Filter>Source Files</Filter>
    </ClCompile>
    <ClCompile Include="ConsoleApplication1.cpp">
      <Filter>Source Files</Filter>
    </ClCompile>
    <ClCompile Include="Img.cpp">
      <Filter>Source Files</Filter>
    </ClCompile>
    <ClCompile Include="ImgSys.cpp">
      <Filter>Source Files</Filter>
    </ClCompile>
    <ClCompile Include="util.cpp">
      <Filter>Source Files</Filter>
    </ClCompile>
    <ClCompile Include="Player.cpp">
      <Filter>Source Files</Filter>
    </ClCompile>
    <ClCompile Include="Player3d.cpp">
      <Filter>Source Files</Filter>
    </ClCompile>
    <ClCompile Include="Enemy.cpp">
      <Filter>Source Files</Filter>
    </ClCompile>
    <ClCompile Include="Enemy3d.cpp">
      <Filter>Source Files</Filter>
    </ClCompile>
    <ClCompile Include="EnemyKnight.cpp">
      <Filter>Source Files</Filter>
    </ClCompile>
    <ClCompile Include="Entity.cpp">
      <Filter>Source Files</Filter>
    </ClCompile>
    <ClCompile Include="Entity3d.cpp">
      <Filter>Source Files</Filter>
    </ClCompile>
    <ClCompile Include="GameEngine.cpp">
      <Filter>Source Files</Filter>
    </ClCompile>
    <ClCompile Include="Skeleton1.cpp">
      <Filter>Source Files</Filter>
    </ClCompile>
    <ClCompile Include="tile.cpp">
      <Filter>Source Files</Filter>
    </ClCompile>
    <ClCompile Include="tile3d.cpp">
      <Filter>Source Files</Filter>
    </ClCompile>
    <ClCompile Include="Exit.cpp">
      <Filter>Source Files</Filter>
    </ClCompile>
    <ClCompile Include="Wall.cpp">
      <Filter>Source Files</Filter>
    </ClCompile>
    <ClCompile Include="Cube.cpp">
      <Filter>Source Files</Filter>
    </ClCompile>
    <ClCompile Include="bessie\RayMantaPoint.cpp">
      <Filter>Source Files</Filter>
    </ClCompile>
    <ClCompile Include="bessie\RayMantaPolygon.cpp">
      <Filter>Source Files</Filter>
    </ClCompile>
    <ClCompile Include="bessie\RayMantaImage.cpp">
      <Filter>Source Files</Filter>
    </ClCompile>
    <ClCompile Include="bessie\RayMantaImageBase.cpp">
      <Filter>Source Files</Filter>
    </ClCompile>
    <ClCompile Include="bessie\RayMantaMatrix3.cpp">
      <Filter>Source Files</Filter>
    </ClCompile>
    <ClCompile Include="bessie\RayMantaModel.cpp">
      <Filter>Source Files</Filter>
    </ClCompile>
    <ClCompile Include="bessie\RayMantaSphereModel.cpp">
      <Filter>Source Files</Filter>
    </ClCompile>
    <ClCompile Include="bessie\RayMantaEngine.cpp">
      <Filter>Source Files</Filter>
    </ClCompile>
    <ClCompile Include="bessie\Draw.cpp">
      <Filter>Source Files</Filter>
    </ClCompile>
    <ClCompile Include="bessie\Draw2.cpp">
      <Filter>Source Files</Filter>
    </ClCompile>
    <ClCompile Include="bessie\Draw3.cpp">
      <Filter>Source Files</Filter>
    </ClCompile>
    <ClCompile Include="bessie\Draw4.cpp">
      <Filter>Source Files</Filter>
    </ClCompile>
    <ClCompile Include="EnemyDemon.cpp">
      <Filter>Source Files</Filter>
    </ClCompile>
    <ClCompile Include="EnemyDemon2.cpp">
      <Filter>Source Files</Filter>
    </ClCompile>
  </ItemGroup>
  <ItemGroup>
    <Library Include="SDL.lib" />
    <Library Include="SDLmain.lib" />
  </ItemGroup>
  <ItemGroup>
    <None Include="..\..\..\..\..\..\..\Windows\SDL.dll" />
  </ItemGroup>
</Project>